{
  "name": "MainProject",
  "lockfileVersion": 3,
  "requires": true,
  "packages": {
    "": {
      "dependencies": {
        "@easepick/bundle": "^1.2.1",
        "angular-auth-oidc-client": "^16.0.1"
      }
    },
    "node_modules/@angular/common": {
      "version": "17.0.2",
      "resolved": "https://registry.npmjs.org/@angular/common/-/common-17.0.2.tgz",
      "integrity": "sha512-hCW0njHgrcwTWNoKZDwf02DnhYLVWNXM2FMw66MKpfxTp7McSyaXjGBU9/hchW3dZJ0xTwyxoyoqJFoHYvg0yg==",
      "peer": true,
      "dependencies": {
        "tslib": "^2.3.0"
      },
      "engines": {
        "node": "^18.13.0 || >=20.9.0"
      },
      "peerDependencies": {
        "@angular/core": "17.0.2",
        "rxjs": "^6.5.3 || ^7.4.0"
      }
    },
    "node_modules/@angular/core": {
      "version": "17.0.2",
      "resolved": "https://registry.npmjs.org/@angular/core/-/core-17.0.2.tgz",
      "integrity": "sha512-MjDxWeyn3Txi0qo/V/I+B/gndh0uptQ0XWgBRwOx6Wcr5zRGeZIFlXBxPpyXnGTlJkeyErsTN7FfFCZ4C3kCPA==",
      "peer": true,
      "dependencies": {
        "tslib": "^2.3.0"
      },
      "engines": {
        "node": "^18.13.0 || >=20.9.0"
      },
      "peerDependencies": {
        "rxjs": "^6.5.3 || ^7.4.0",
        "zone.js": "~0.14.0"
      }
    },
    "node_modules/@angular/platform-browser": {
      "version": "17.0.2",
      "resolved": "https://registry.npmjs.org/@angular/platform-browser/-/platform-browser-17.0.2.tgz",
      "integrity": "sha512-eTnPILEA/eAMkVUR/+g6fWhhMTmnmOzcZSGX/bBgQcvOhayZrDDxA6/Qf+jIB4RwC0wd3KA9zT5BCMmNojoUsg==",
      "peer": true,
      "dependencies": {
        "tslib": "^2.3.0"
      },
      "engines": {
        "node": "^18.13.0 || >=20.9.0"
      },
      "peerDependencies": {
        "@angular/animations": "17.0.2",
        "@angular/common": "17.0.2",
        "@angular/core": "17.0.2"
      },
      "peerDependenciesMeta": {
        "@angular/animations": {
          "optional": true
        }
      }
    },
    "node_modules/@angular/router": {
      "version": "17.0.2",
      "resolved": "https://registry.npmjs.org/@angular/router/-/router-17.0.2.tgz",
      "integrity": "sha512-A1Ulv4qBAtJyK5g1yBlK1qZHe+KaaL5vMPAaPWUxICH8lHEodDkJlbYAUI2e4VL2BN7zBmdOep6tlBKPmHY3mw==",
      "peer": true,
      "dependencies": {
        "tslib": "^2.3.0"
      },
      "engines": {
        "node": "^18.13.0 || >=20.9.0"
      },
      "peerDependencies": {
        "@angular/common": "17.0.2",
        "@angular/core": "17.0.2",
        "@angular/platform-browser": "17.0.2",
        "rxjs": "^6.5.3 || ^7.4.0"
      }
    },
    "node_modules/@easepick/amp-plugin": {
      "version": "1.2.1",
      "resolved": "https://registry.npmjs.org/@easepick/amp-plugin/-/amp-plugin-1.2.1.tgz",
      "integrity": "sha512-LbGd7RU+fiucxTqJnBpT5SwACX1BoEK4yi1joLqN50O57jpN0jQMMvDO/vp/F4Zr8MO6kwaamRmOXhqo/Vb4aw==",
      "dependencies": {
        "@easepick/base-plugin": "^1.1.0"
      }
    },
    "node_modules/@easepick/base-plugin": {
      "version": "1.2.1",
      "resolved": "https://registry.npmjs.org/@easepick/base-plugin/-/base-plugin-1.2.1.tgz",
      "integrity": "sha512-aonBQaRyZwNH/gmPzSzZDVjQjgy/rxWd+TXnM0E3Nxkeu4yMbXV+GnWVQbBwTvJx74M7iSCHJowdmZ5T46B7Vg==",
      "dependencies": {
        "@easepick/core": "^1.1.0"
      }
    },
    "node_modules/@easepick/bundle": {
      "version": "1.2.1",
      "resolved": "https://registry.npmjs.org/@easepick/bundle/-/bundle-1.2.1.tgz",
      "integrity": "sha512-M9DGu7rrIltbTEPuBfc8fTOdK1E2CjTIiSqXmVRcof/peDnDC7U7h3XaTx7nbB0gq4HUTUO8BKHrofPC0jPqSw==",
      "dependencies": {
        "@easepick/amp-plugin": "^1.1.0",
        "@easepick/base-plugin": "^1.1.0",
        "@easepick/core": "^1.1.0",
        "@easepick/datetime": "^1.1.0",
        "@easepick/kbd-plugin": "^1.1.0",
        "@easepick/lock-plugin": "^1.1.0",
        "@easepick/preset-plugin": "^1.1.0",
        "@easepick/range-plugin": "^1.1.0",
        "@easepick/time-plugin": "^1.1.0"
      }
    },
    "node_modules/@easepick/core": {
      "version": "1.2.1",
      "resolved": "https://registry.npmjs.org/@easepick/core/-/core-1.2.1.tgz",
      "integrity": "sha512-V/blEia/ykAq+0mnQ9djOU5wvMZ+iffL5iuQrKLObpMOw38kL/qo4inH4pCbB3wm7sDjrJTuDKf+6+FrgdFGsw==",
      "dependencies": {
        "@easepick/datetime": "^1.1.0"
      }
    },
    "node_modules/@easepick/datetime": {
      "version": "1.2.1",
      "resolved": "https://registry.npmjs.org/@easepick/datetime/-/datetime-1.2.1.tgz",
      "integrity": "sha512-KIUvWo/kEipwBqPTazjfUf6R7dKb2ztPizPoB/0ZMYz3HrWJptsLSZQma3R1nM/zkaexnk/e4L4nX+vDjwBtYA=="
    },
    "node_modules/@easepick/kbd-plugin": {
      "version": "1.2.1",
      "resolved": "https://registry.npmjs.org/@easepick/kbd-plugin/-/kbd-plugin-1.2.1.tgz",
      "integrity": "sha512-t/bEtKuvAbo9b9iw4J5h5DsGYEL4Wm2sLA2VzR2rvmMfJuo1extktgzw2eCy+w6Q/s4ObdKzhXLnjMvFeiJ8Xg==",
      "dependencies": {
        "@easepick/base-plugin": "^1.1.0"
      }
    },
    "node_modules/@easepick/lock-plugin": {
      "version": "1.2.1",
      "resolved": "https://registry.npmjs.org/@easepick/lock-plugin/-/lock-plugin-1.2.1.tgz",
      "integrity": "sha512-6sJCdliMpnQtzL9dwznS9vYaQUy66VRKPZ+jFdVR1ohiNUVM6C7dSGdG3dPntVTywTy2Z9uU+yJOeWcVFDT61A==",
      "dependencies": {
        "@easepick/base-plugin": "^1.1.0"
      }
    },
    "node_modules/@easepick/preset-plugin": {
      "version": "1.2.1",
      "resolved": "https://registry.npmjs.org/@easepick/preset-plugin/-/preset-plugin-1.2.1.tgz",
      "integrity": "sha512-VAnjyWpf39kXTR6DYbpCJIBeBhbOgRoNTqntpSb5uF9O398KuHUpIM4Ep1id3fTIlfnRrKxzp54rAFwvc48eCA==",
      "dependencies": {
        "@easepick/base-plugin": "^1.1.0",
        "@easepick/range-plugin": "^1.1.0"
      }
    },
    "node_modules/@easepick/range-plugin": {
      "version": "1.2.1",
      "resolved": "https://registry.npmjs.org/@easepick/range-plugin/-/range-plugin-1.2.1.tgz",
      "integrity": "sha512-yEHLUq32Kj0exLz4txxchALQVJUbwyXvnovfN7yxTrCJLpi6uMmPXcW4lyYig2P9+xM9JqF6JsNqOsi0+5GlHQ==",
      "dependencies": {
        "@easepick/base-plugin": "^1.1.0"
      }
    },
    "node_modules/@easepick/time-plugin": {
      "version": "1.2.1",
      "resolved": "https://registry.npmjs.org/@easepick/time-plugin/-/time-plugin-1.2.1.tgz",
      "integrity": "sha512-mjynAAppLxlqiDSdHdkBEqi4A67CH17FqO3UH2n6mfAIKPZLQA7R8Y6jEkp+Fpl5tj0/HFqdrk82ceiYYnLFYw==",
      "dependencies": {
        "@easepick/base-plugin": "^1.1.0"
      }
    },
    "node_modules/angular-auth-oidc-client": {
      "version": "16.0.1",
      "resolved": "https://registry.npmjs.org/angular-auth-oidc-client/-/angular-auth-oidc-client-16.0.1.tgz",
      "integrity": "sha512-jWNNw4LgKcfskMX5ZDt33/qKp2NmlI6PL+s8ptlIixpzCdNLQv7FwMhYlyq22MMjk87WSsOCWmMlGBoMTeNOfw==",
      "dependencies": {
        "rfc4648": "^1.5.0",
        "tslib": "^2.3.0"
      },
      "peerDependencies": {
        "@angular/common": ">=15.0.0",
        "@angular/core": ">=15.0.0",
        "@angular/router": ">=15.0.0",
        "rxjs": "^6.5.3 || ^7.4.0"
      }
    },
    "node_modules/rfc4648": {
      "version": "1.5.3",
      "resolved": "https://registry.npmjs.org/rfc4648/-/rfc4648-1.5.3.tgz",
      "integrity": "sha512-MjOWxM065+WswwnmNONOT+bD1nXzY9Km6u3kzvnx8F8/HXGZdz3T6e6vZJ8Q/RIMUSp/nxqjH3GwvJDy8ijeQQ=="
    },
    "node_modules/rxjs": {
      "version": "7.8.1",
      "resolved": "https://registry.npmjs.org/rxjs/-/rxjs-7.8.1.tgz",
      "integrity": "sha512-AA3TVj+0A2iuIoQkWEK/tqFjBq2j+6PO6Y0zJcvzLAFhEFIO3HL0vls9hWLncZbAAbK0mar7oZ4V079I/qPMxg==",
      "peer": true,
      "dependencies": {
        "tslib": "^2.1.0"
      }
    },
    "node_modules/tslib": {
      "version": "2.6.2",
      "resolved": "https://registry.npmjs.org/tslib/-/tslib-2.6.2.tgz",
      "integrity": "sha512-AEYxH93jGFPn/a2iVAwW87VuUIkR1FVUKB77NwMF7nBTDkDrrT/Hpt/IrCJ0QXhW27jTBDcf5ZY7w6RiqTMw2Q=="
    },
    "node_modules/zone.js": {
      "version": "0.14.2",
      "resolved": "https://registry.npmjs.org/zone.js/-/zone.js-0.14.2.tgz",
      "integrity": "sha512-X4U7J1isDhoOmHmFWiLhloWc2lzMkdnumtfQ1LXzf/IOZp5NQYuMUTaviVzG/q1ugMBIXzin2AqeVJUoSEkNyQ==",
      "peer": true,
      "dependencies": {
        "tslib": "^2.3.0"
      }
    }
  }
}
